{
  "name": "vite-preact-app",
  "version": "1.0.0",
  "lockfileVersion": 3,
  "requires": true,
  "packages": {
    "": {
      "name": "vite-preact-app",
      "version": "1.0.0",
      "dependencies": {
        "preact": "^10.19.0"
      },
      "devDependencies": {
        "@preact/preset-vite": "^2.8.0",
        "vite": "^5.0.0"
      }
    }
  }
}
